
Microsoft Visual Studio Solution File, Format Version 12.00
# Visual Studio Version 17
VisualStudioVersion = 17.11.35222.181
MinimumVisualStudioVersion = 10.0.40219.1
Project("{FAE04EC0-301F-11D3-BF4B-00C04F79EFBC}") = "OopLab8", "OopLab8\OopLab8.csproj", "{6D0BE5D6-4113-4106-9027-17B0CCEB3CD3}"
EndProject
Project("{FAE04EC0-301F-11D3-BF4B-00C04F79EFBC}") = "TaskScheduler", "TaskScheduler\TaskScheduler.csproj", "{AD6AA1F3-CB4F-4C9A-A922-A22FACCE5ED7}"
EndProject
Global
	GlobalSection(SolutionConfigurationPlatforms) = preSolution
		Debug|Any CPU = Debug|Any CPU
		Release|Any CPU = Release|Any CPU
	EndGlobalSection
	GlobalSection(ProjectConfigurationPlatforms) = postSolution
		{6D0BE5D6-4113-4106-9027-17B0CCEB3CD3}.Debug|Any CPU.ActiveCfg = Debug|Any CPU
		{6D0BE5D6-4113-4106-9027-17B0CCEB3CD3}.Debug|Any CPU.Build.0 = Debug|Any CPU
		{6D0BE5D6-4113-4106-9027-17B0CCEB3CD3}.Release|Any CPU.ActiveCfg = Release|Any CPU
		{6D0BE5D6-4113-4106-9027-17B0CCEB3CD3}.Release|Any CPU.Build.0 = Release|Any CPU
		{AD6AA1F3-CB4F-4C9A-A922-A22FACCE5ED7}.Debug|Any CPU.ActiveCfg = Debug|Any CPU
		{AD6AA1F3-CB4F-4C9A-A922-A22FACCE5ED7}.Debug|Any CPU.Build.0 = Debug|Any CPU
		{AD6AA1F3-CB4F-4C9A-A922-A22FACCE5ED7}.Release|Any CPU.ActiveCfg = Release|Any CPU
		{AD6AA1F3-CB4F-4C9A-A922-A22FACCE5ED7}.Release|Any CPU.Build.0 = Release|Any CPU
	EndGlobalSection
	GlobalSection(SolutionProperties) = preSolution
		HideSolutionNode = FALSE
	EndGlobalSection
	GlobalSection(ExtensibilityGlobals) = postSolution
		SolutionGuid = {2BB11BE5-AFAE-44F0-B6E8-110687759931}
	EndGlobalSection
EndGlobal
